
Microsoft Visual Studio Solution File, Format Version 12.00
# Visual Studio Version 16
VisualStudioVersion = 16.0.31112.23
MinimumVisualStudioVersion = 10.0.40219.1
Project("{9A19103F-16F7-4668-BE54-9A1E7A4F7556}") = "ImageServer.Application", "ImageServer.Application\ImageServer.Application.csproj", "{FE6F03CB-7B61-48CE-AB2E-A975341B3653}"
EndProject
Project("{9A19103F-16F7-4668-BE54-9A1E7A4F7556}") = "ImageServer.Api", "ImageServer.Api\ImageServer.Api.csproj", "{C5FCA05C-9C71-42BF-AD70-175075640A3D}"
EndProject
Project("{2150E333-8FDC-42A3-9474-1A3956D46DE8}") = "Tests", "Tests", "{E6A5DC8C-9D16-4988-A806-8FD82A20EAF4}"
EndProject
Project("{9A19103F-16F7-4668-BE54-9A1E7A4F7556}") = "ImageServer.Api.IntTests", "Tests\ImageServer.Api.IntTests\ImageServer.Api.IntTests.csproj", "{1D097AF9-90D7-47D2-90E1-8E50034D3755}"
EndProject
Project("{FAE04EC0-301F-11D3-BF4B-00C04F79EFBC}") = "ImageServer.Api.UnitTests", "Tests\ImageServer.Api.UnitTests\ImageServer.Api.UnitTests.csproj", "{24B60DFD-2A61-4A30-81CB-8F0550FC667F}"
EndProject
Global
	GlobalSection(SolutionConfigurationPlatforms) = preSolution
		Debug|Any CPU = Debug|Any CPU
		Release|Any CPU = Release|Any CPU
	EndGlobalSection
	GlobalSection(ProjectConfigurationPlatforms) = postSolution
		{FE6F03CB-7B61-48CE-AB2E-A975341B3653}.Debug|Any CPU.ActiveCfg = Debug|Any CPU
		{FE6F03CB-7B61-48CE-AB2E-A975341B3653}.Debug|Any CPU.Build.0 = Debug|Any CPU
		{FE6F03CB-7B61-48CE-AB2E-A975341B3653}.Release|Any CPU.ActiveCfg = Release|Any CPU
		{FE6F03CB-7B61-48CE-AB2E-A975341B3653}.Release|Any CPU.Build.0 = Release|Any CPU
		{C5FCA05C-9C71-42BF-AD70-175075640A3D}.Debug|Any CPU.ActiveCfg = Debug|Any CPU
		{C5FCA05C-9C71-42BF-AD70-175075640A3D}.Debug|Any CPU.Build.0 = Debug|Any CPU
		{C5FCA05C-9C71-42BF-AD70-175075640A3D}.Release|Any CPU.ActiveCfg = Release|Any CPU
		{C5FCA05C-9C71-42BF-AD70-175075640A3D}.Release|Any CPU.Build.0 = Release|Any CPU
		{1D097AF9-90D7-47D2-90E1-8E50034D3755}.Debug|Any CPU.ActiveCfg = Debug|Any CPU
		{1D097AF9-90D7-47D2-90E1-8E50034D3755}.Debug|Any CPU.Build.0 = Debug|Any CPU
		{1D097AF9-90D7-47D2-90E1-8E50034D3755}.Release|Any CPU.ActiveCfg = Release|Any CPU
		{1D097AF9-90D7-47D2-90E1-8E50034D3755}.Release|Any CPU.Build.0 = Release|Any CPU
		{24B60DFD-2A61-4A30-81CB-8F0550FC667F}.Debug|Any CPU.ActiveCfg = Debug|Any CPU
		{24B60DFD-2A61-4A30-81CB-8F0550FC667F}.Debug|Any CPU.Build.0 = Debug|Any CPU
		{24B60DFD-2A61-4A30-81CB-8F0550FC667F}.Release|Any CPU.ActiveCfg = Release|Any CPU
		{24B60DFD-2A61-4A30-81CB-8F0550FC667F}.Release|Any CPU.Build.0 = Release|Any CPU
	EndGlobalSection
	GlobalSection(SolutionProperties) = preSolution
		HideSolutionNode = FALSE
	EndGlobalSection
	GlobalSection(NestedProjects) = preSolution
		{1D097AF9-90D7-47D2-90E1-8E50034D3755} = {E6A5DC8C-9D16-4988-A806-8FD82A20EAF4}
		{24B60DFD-2A61-4A30-81CB-8F0550FC667F} = {E6A5DC8C-9D16-4988-A806-8FD82A20EAF4}
	EndGlobalSection
	GlobalSection(ExtensibilityGlobals) = postSolution
		SolutionGuid = {F914D0F2-6FBD-4E44-AF79-AAB0CABCF616}
	EndGlobalSection
EndGlobal
